
Microsoft Visual Studio Solution File, Format Version 12.00
# Visual Studio 2013
VisualStudioVersion = 12.0.31101.0
MinimumVisualStudioVersion = 10.0.40219.1
Project("{FAE04EC0-301F-11D3-BF4B-00C04F79EFBC}") = "XamarinFormsMVVMLight", "XamarinFormsMVVMLight\XamarinFormsMVVMLight\XamarinFormsMVVMLight.csproj", "{B3994315-CC1B-4307-8943-D9F40EF60A17}"
EndProject
Project("{FAE04EC0-301F-11D3-BF4B-00C04F79EFBC}") = "XamarinFormsMVVMLight.iOS", "XamarinFormsMVVMLight\XamarinFormsMVVMLight.iOS\XamarinFormsMVVMLight.iOS.csproj", "{DF27DCA7-C48E-4E5A-B5C0-2E884C2D5BFA}"
EndProject
Project("{FAE04EC0-301F-11D3-BF4B-00C04F79EFBC}") = "XamarinFormsMVVMLight.Droid", "XamarinFormsMVVMLight\XamarinFormsMVVMLight.Droid\XamarinFormsMVVMLight.Droid.csproj", "{0D2115C2-E430-4B6F-B783-4B271FDC0294}"
EndProject
Project("{FAE04EC0-301F-11D3-BF4B-00C04F79EFBC}") = "XamarinFormsMVVMLight.WinPhone", "XamarinFormsMVVMLight\XamarinFormsMVVMLight.WinPhone\XamarinFormsMVVMLight.WinPhone.csproj", "{6FA65A7E-47D5-4AB7-9466-43506F64C697}"
EndProject
Project("{2150E333-8FDC-42A3-9474-1A3956D46DE8}") = ".nuget", ".nuget", "{8F441424-1825-4520-B8C4-C2D5D562C44F}"
	ProjectSection(SolutionItems) = preProject
		.nuget\NuGet.Config = .nuget\NuGet.Config
		.nuget\NuGet.exe = .nuget\NuGet.exe
		.nuget\NuGet.targets = .nuget\NuGet.targets
	EndProjectSection
EndProject
Global
	GlobalSection(SolutionConfigurationPlatforms) = preSolution
		Ad-Hoc|Any CPU = Ad-Hoc|Any CPU
		Ad-Hoc|ARM = Ad-Hoc|ARM
		Ad-Hoc|iPhone = Ad-Hoc|iPhone
		Ad-Hoc|iPhoneSimulator = Ad-Hoc|iPhoneSimulator
		Ad-Hoc|Mixed Platforms = Ad-Hoc|Mixed Platforms
		Ad-Hoc|x86 = Ad-Hoc|x86
		AppStore|Any CPU = AppStore|Any CPU
		AppStore|ARM = AppStore|ARM
		AppStore|iPhone = AppStore|iPhone
		AppStore|iPhoneSimulator = AppStore|iPhoneSimulator
		AppStore|Mixed Platforms = AppStore|Mixed Platforms
		AppStore|x86 = AppStore|x86
		Debug|Any CPU = Debug|Any CPU
		Debug|ARM = Debug|ARM
		Debug|iPhone = Debug|iPhone
		Debug|iPhoneSimulator = Debug|iPhoneSimulator
		Debug|Mixed Platforms = Debug|Mixed Platforms
		Debug|x86 = Debug|x86
		Release|Any CPU = Release|Any CPU
		Release|ARM = Release|ARM
		Release|iPhone = Release|iPhone
		Release|iPhoneSimulator = Release|iPhoneSimulator
		Release|Mixed Platforms = Release|Mixed Platforms
		Release|x86 = Release|x86
	EndGlobalSection
	GlobalSection(ProjectConfigurationPlatforms) = postSolution
		{B3994315-CC1B-4307-8943-D9F40EF60A17}.Ad-Hoc|Any CPU.ActiveCfg = Release|Any CPU
		{B3994315-CC1B-4307-8943-D9F40EF60A17}.Ad-Hoc|Any CPU.Build.0 = Release|Any CPU
		{B3994315-CC1B-4307-8943-D9F40EF60A17}.Ad-Hoc|ARM.ActiveCfg = Release|Any CPU
		{B3994315-CC1B-4307-8943-D9F40EF60A17}.Ad-Hoc|iPhone.ActiveCfg = Release|Any CPU
		{B3994315-CC1B-4307-8943-D9F40EF60A17}.Ad-Hoc|iPhoneSimulator.ActiveCfg = Release|Any CPU
		{B3994315-CC1B-4307-8943-D9F40EF60A17}.Ad-Hoc|Mixed Platforms.ActiveCfg = Release|Any CPU
		{B3994315-CC1B-4307-8943-D9F40EF60A17}.Ad-Hoc|Mixed Platforms.Build.0 = Release|Any CPU
		{B3994315-CC1B-4307-8943-D9F40EF60A17}.Ad-Hoc|x86.ActiveCfg = Release|Any CPU
		{B3994315-CC1B-4307-8943-D9F40EF60A17}.AppStore|Any CPU.ActiveCfg = Release|Any CPU
		{B3994315-CC1B-4307-8943-D9F40EF60A17}.AppStore|Any CPU.Build.0 = Release|Any CPU
		{B3994315-CC1B-4307-8943-D9F40EF60A17}.AppStore|ARM.ActiveCfg = Release|Any CPU
		{B3994315-CC1B-4307-8943-D9F40EF60A17}.AppStore|iPhone.ActiveCfg = Release|Any CPU
		{B3994315-CC1B-4307-8943-D9F40EF60A17}.AppStore|iPhoneSimulator.ActiveCfg = Release|Any CPU
		{B3994315-CC1B-4307-8943-D9F40EF60A17}.AppStore|Mixed Platforms.ActiveCfg = Release|Any CPU
		{B3994315-CC1B-4307-8943-D9F40EF60A17}.AppStore|Mixed Platforms.Build.0 = Release|Any CPU
		{B3994315-CC1B-4307-8943-D9F40EF60A17}.AppStore|x86.ActiveCfg = Release|Any CPU
		{B3994315-CC1B-4307-8943-D9F40EF60A17}.Debug|Any CPU.ActiveCfg = Debug|Any CPU
		{B3994315-CC1B-4307-8943-D9F40EF60A17}.Debug|Any CPU.Build.0 = Debug|Any CPU
		{B3994315-CC1B-4307-8943-D9F40EF60A17}.Debug|ARM.ActiveCfg = Debug|Any CPU
		{B3994315-CC1B-4307-8943-D9F40EF60A17}.Debug|iPhone.ActiveCfg = Debug|Any CPU
		{B3994315-CC1B-4307-8943-D9F40EF60A17}.Debug|iPhoneSimulator.ActiveCfg = Debug|Any CPU
		{B3994315-CC1B-4307-8943-D9F40EF60A17}.Debug|Mixed Platforms.ActiveCfg = Debug|Any CPU
		{B3994315-CC1B-4307-8943-D9F40EF60A17}.Debug|Mixed Platforms.Build.0 = Debug|Any CPU
		{B3994315-CC1B-4307-8943-D9F40EF60A17}.Debug|x86.ActiveCfg = Debug|Any CPU
		{B3994315-CC1B-4307-8943-D9F40EF60A17}.Release|Any CPU.ActiveCfg = Release|Any CPU
		{B3994315-CC1B-4307-8943-D9F40EF60A17}.Release|Any CPU.Build.0 = Release|Any CPU
		{B3994315-CC1B-4307-8943-D9F40EF60A17}.Release|ARM.ActiveCfg = Release|Any CPU
		{B3994315-CC1B-4307-8943-D9F40EF60A17}.Release|iPhone.ActiveCfg = Release|Any CPU
		{B3994315-CC1B-4307-8943-D9F40EF60A17}.Release|iPhoneSimulator.ActiveCfg = Release|Any CPU
		{B3994315-CC1B-4307-8943-D9F40EF60A17}.Release|Mixed Platforms.ActiveCfg = Release|Any CPU
		{B3994315-CC1B-4307-8943-D9F40EF60A17}.Release|Mixed Platforms.Build.0 = Release|Any CPU
		{B3994315-CC1B-4307-8943-D9F40EF60A17}.Release|x86.ActiveCfg = Release|Any CPU
		{DF27DCA7-C48E-4E5A-B5C0-2E884C2D5BFA}.Ad-Hoc|Any CPU.ActiveCfg = Ad-Hoc|iPhone
		{DF27DCA7-C48E-4E5A-B5C0-2E884C2D5BFA}.Ad-Hoc|ARM.ActiveCfg = Ad-Hoc|iPhone
		{DF27DCA7-C48E-4E5A-B5C0-2E884C2D5BFA}.Ad-Hoc|iPhone.ActiveCfg = Ad-Hoc|iPhone
		{DF27DCA7-C48E-4E5A-B5C0-2E884C2D5BFA}.Ad-Hoc|iPhone.Build.0 = Ad-Hoc|iPhone
		{DF27DCA7-C48E-4E5A-B5C0-2E884C2D5BFA}.Ad-Hoc|iPhoneSimulator.ActiveCfg = Ad-Hoc|iPhoneSimulator
		{DF27DCA7-C48E-4E5A-B5C0-2E884C2D5BFA}.Ad-Hoc|iPhoneSimulator.Build.0 = Ad-Hoc|iPhoneSimulator
		{DF27DCA7-C48E-4E5A-B5C0-2E884C2D5BFA}.Ad-Hoc|Mixed Platforms.ActiveCfg = Ad-Hoc|iPhone
		{DF27DCA7-C48E-4E5A-B5C0-2E884C2D5BFA}.Ad-Hoc|Mixed Platforms.Build.0 = Ad-Hoc|iPhone
		{DF27DCA7-C48E-4E5A-B5C0-2E884C2D5BFA}.Ad-Hoc|x86.ActiveCfg = Ad-Hoc|iPhone
		{DF27DCA7-C48E-4E5A-B5C0-2E884C2D5BFA}.AppStore|Any CPU.ActiveCfg = AppStore|iPhone
		{DF27DCA7-C48E-4E5A-B5C0-2E884C2D5BFA}.AppStore|ARM.ActiveCfg = AppStore|iPhone
		{DF27DCA7-C48E-4E5A-B5C0-2E884C2D5BFA}.AppStore|iPhone.ActiveCfg = AppStore|iPhone
		{DF27DCA7-C48E-4E5A-B5C0-2E884C2D5BFA}.AppStore|iPhone.Build.0 = AppStore|iPhone
		{DF27DCA7-C48E-4E5A-B5C0-2E884C2D5BFA}.AppStore|iPhoneSimulator.ActiveCfg = AppStore|iPhoneSimulator
		{DF27DCA7-C48E-4E5A-B5C0-2E884C2D5BFA}.AppStore|iPhoneSimulator.Build.0 = AppStore|iPhoneSimulator
		{DF27DCA7-C48E-4E5A-B5C0-2E884C2D5BFA}.AppStore|Mixed Platforms.ActiveCfg = AppStore|iPhone
		{DF27DCA7-C48E-4E5A-B5C0-2E884C2D5BFA}.AppStore|Mixed Platforms.Build.0 = AppStore|iPhone
		{DF27DCA7-C48E-4E5A-B5C0-2E884C2D5BFA}.AppStore|x86.ActiveCfg = AppStore|iPhone
		{DF27DCA7-C48E-4E5A-B5C0-2E884C2D5BFA}.Debug|Any CPU.ActiveCfg = Debug|iPhone
		{DF27DCA7-C48E-4E5A-B5C0-2E884C2D5BFA}.Debug|ARM.ActiveCfg = Debug|iPhone
		{DF27DCA7-C48E-4E5A-B5C0-2E884C2D5BFA}.Debug|iPhone.ActiveCfg = Debug|iPhone
		{DF27DCA7-C48E-4E5A-B5C0-2E884C2D5BFA}.Debug|iPhone.Build.0 = Debug|iPhone
		{DF27DCA7-C48E-4E5A-B5C0-2E884C2D5BFA}.Debug|iPhoneSimulator.ActiveCfg = Debug|iPhoneSimulator
		{DF27DCA7-C48E-4E5A-B5C0-2E884C2D5BFA}.Debug|iPhoneSimulator.Build.0 = Debug|iPhoneSimulator
		{DF27DCA7-C48E-4E5A-B5C0-2E884C2D5BFA}.Debug|Mixed Platforms.ActiveCfg = Debug|iPhone
		{DF27DCA7-C48E-4E5A-B5C0-2E884C2D5BFA}.Debug|Mixed Platforms.Build.0 = Debug|iPhone
		{DF27DCA7-C48E-4E5A-B5C0-2E884C2D5BFA}.Debug|x86.ActiveCfg = Debug|iPhone
		{DF27DCA7-C48E-4E5A-B5C0-2E884C2D5BFA}.Release|Any CPU.ActiveCfg = Release|iPhone
		{DF27DCA7-C48E-4E5A-B5C0-2E884C2D5BFA}.Release|ARM.ActiveCfg = Release|iPhone
		{DF27DCA7-C48E-4E5A-B5C0-2E884C2D5BFA}.Release|iPhone.ActiveCfg = Release|iPhone
		{DF27DCA7-C48E-4E5A-B5C0-2E884C2D5BFA}.Release|iPhone.Build.0 = Release|iPhone
		{DF27DCA7-C48E-4E5A-B5C0-2E884C2D5BFA}.Release|iPhoneSimulator.ActiveCfg = Release|iPhoneSimulator
		{DF27DCA7-C48E-4E5A-B5C0-2E884C2D5BFA}.Release|iPhoneSimulator.Build.0 = Release|iPhoneSimulator
		{DF27DCA7-C48E-4E5A-B5C0-2E884C2D5BFA}.Release|Mixed Platforms.ActiveCfg = Release|iPhone
		{DF27DCA7-C48E-4E5A-B5C0-2E884C2D5BFA}.Release|Mixed Platforms.Build.0 = Release|iPhone
		{DF27DCA7-C48E-4E5A-B5C0-2E884C2D5BFA}.Release|x86.ActiveCfg = Release|iPhone
		{0D2115C2-E430-4B6F-B783-4B271FDC0294}.Ad-Hoc|Any CPU.ActiveCfg = Release|Any CPU
		{0D2115C2-E430-4B6F-B783-4B271FDC0294}.Ad-Hoc|Any CPU.Build.0 = Release|Any CPU
		{0D2115C2-E430-4B6F-B783-4B271FDC0294}.Ad-Hoc|Any CPU.Deploy.0 = Release|Any CPU
		{0D2115C2-E430-4B6F-B783-4B271FDC0294}.Ad-Hoc|ARM.ActiveCfg = Release|Any CPU
		{0D2115C2-E430-4B6F-B783-4B271FDC0294}.Ad-Hoc|iPhone.ActiveCfg = Release|Any CPU
		{0D2115C2-E430-4B6F-B783-4B271FDC0294}.Ad-Hoc|iPhoneSimulator.ActiveCfg = Release|Any CPU
		{0D2115C2-E430-4B6F-B783-4B271FDC0294}.Ad-Hoc|Mixed Platforms.ActiveCfg = Release|Any CPU
		{0D2115C2-E430-4B6F-B783-4B271FDC0294}.Ad-Hoc|Mixed Platforms.Build.0 = Release|Any CPU
		{0D2115C2-E430-4B6F-B783-4B271FDC0294}.Ad-Hoc|Mixed Platforms.Deploy.0 = Release|Any CPU
		{0D2115C2-E430-4B6F-B783-4B271FDC0294}.Ad-Hoc|x86.ActiveCfg = Release|Any CPU
		{0D2115C2-E430-4B6F-B783-4B271FDC0294}.AppStore|Any CPU.ActiveCfg = Release|Any CPU
		{0D2115C2-E430-4B6F-B783-4B271FDC0294}.AppStore|Any CPU.Build.0 = Release|Any CPU
		{0D2115C2-E430-4B6F-B783-4B271FDC0294}.AppStore|Any CPU.Deploy.0 = Release|Any CPU
		{0D2115C2-E430-4B6F-B783-4B271FDC0294}.AppStore|ARM.ActiveCfg = Release|Any CPU
		{0D2115C2-E430-4B6F-B783-4B271FDC0294}.AppStore|iPhone.ActiveCfg = Release|Any CPU
		{0D2115C2-E430-4B6F-B783-4B271FDC0294}.AppStore|iPhoneSimulator.ActiveCfg = Release|Any CPU
		{0D2115C2-E430-4B6F-B783-4B271FDC0294}.AppStore|Mixed Platforms.ActiveCfg = Release|Any CPU
		{0D2115C2-E430-4B6F-B783-4B271FDC0294}.AppStore|Mixed Platforms.Build.0 = Release|Any CPU
		{0D2115C2-E430-4B6F-B783-4B271FDC0294}.AppStore|Mixed Platforms.Deploy.0 = Release|Any CPU
		{0D2115C2-E430-4B6F-B783-4B271FDC0294}.AppStore|x86.ActiveCfg = Release|Any CPU
		{0D2115C2-E430-4B6F-B783-4B271FDC0294}.Debug|Any CPU.ActiveCfg = Debug|Any CPU
		{0D2115C2-E430-4B6F-B783-4B271FDC0294}.Debug|Any CPU.Build.0 = Debug|Any CPU
		{0D2115C2-E430-4B6F-B783-4B271FDC0294}.Debug|Any CPU.Deploy.0 = Debug|Any CPU
		{0D2115C2-E430-4B6F-B783-4B271FDC0294}.Debug|ARM.ActiveCfg = Debug|Any CPU
		{0D2115C2-E430-4B6F-B783-4B271FDC0294}.Debug|iPhone.ActiveCfg = Debug|Any CPU
		{0D2115C2-E430-4B6F-B783-4B271FDC0294}.Debug|iPhoneSimulator.ActiveCfg = Debug|Any CPU
		{0D2115C2-E430-4B6F-B783-4B271FDC0294}.Debug|Mixed Platforms.ActiveCfg = Debug|Any CPU
		{0D2115C2-E430-4B6F-B783-4B271FDC0294}.Debug|Mixed Platforms.Build.0 = Debug|Any CPU
		{0D2115C2-E430-4B6F-B783-4B271FDC0294}.Debug|Mixed Platforms.Deploy.0 = Debug|Any CPU
		{0D2115C2-E430-4B6F-B783-4B271FDC0294}.Debug|x86.ActiveCfg = Debug|Any CPU
		{0D2115C2-E430-4B6F-B783-4B271FDC0294}.Release|Any CPU.ActiveCfg = Release|Any CPU
		{0D2115C2-E430-4B6F-B783-4B271FDC0294}.Release|Any CPU.Build.0 = Release|Any CPU
		{0D2115C2-E430-4B6F-B783-4B271FDC0294}.Release|Any CPU.Deploy.0 = Release|Any CPU
		{0D2115C2-E430-4B6F-B783-4B271FDC0294}.Release|ARM.ActiveCfg = Release|Any CPU
		{0D2115C2-E430-4B6F-B783-4B271FDC0294}.Release|iPhone.ActiveCfg = Release|Any CPU
		{0D2115C2-E430-4B6F-B783-4B271FDC0294}.Release|iPhoneSimulator.ActiveCfg = Release|Any CPU
		{0D2115C2-E430-4B6F-B783-4B271FDC0294}.Release|Mixed Platforms.ActiveCfg = Release|Any CPU
		{0D2115C2-E430-4B6F-B783-4B271FDC0294}.Release|Mixed Platforms.Build.0 = Release|Any CPU
		{0D2115C2-E430-4B6F-B783-4B271FDC0294}.Release|Mixed Platforms.Deploy.0 = Release|Any CPU
		{0D2115C2-E430-4B6F-B783-4B271FDC0294}.Release|x86.ActiveCfg = Release|Any CPU
		{6FA65A7E-47D5-4AB7-9466-43506F64C697}.Ad-Hoc|Any CPU.ActiveCfg = Release|Any CPU
		{6FA65A7E-47D5-4AB7-9466-43506F64C697}.Ad-Hoc|Any CPU.Build.0 = Release|Any CPU
		{6FA65A7E-47D5-4AB7-9466-43506F64C697}.Ad-Hoc|Any CPU.Deploy.0 = Release|Any CPU
		{6FA65A7E-47D5-4AB7-9466-43506F64C697}.Ad-Hoc|ARM.ActiveCfg = Release|ARM
		{6FA65A7E-47D5-4AB7-9466-43506F64C697}.Ad-Hoc|ARM.Build.0 = Release|ARM
		{6FA65A7E-47D5-4AB7-9466-43506F64C697}.Ad-Hoc|ARM.Deploy.0 = Release|ARM
		{6FA65A7E-47D5-4AB7-9466-43506F64C697}.Ad-Hoc|iPhone.ActiveCfg = Release|Any CPU
		{6FA65A7E-47D5-4AB7-9466-43506F64C697}.Ad-Hoc|iPhoneSimulator.ActiveCfg = Release|Any CPU
		{6FA65A7E-47D5-4AB7-9466-43506F64C697}.Ad-Hoc|Mixed Platforms.ActiveCfg = Release|x86
		{6FA65A7E-47D5-4AB7-9466-43506F64C697}.Ad-Hoc|Mixed Platforms.Build.0 = Release|x86
		{6FA65A7E-47D5-4AB7-9466-43506F64C697}.Ad-Hoc|Mixed Platforms.Deploy.0 = Release|x86
		{6FA65A7E-47D5-4AB7-9466-43506F64C697}.Ad-Hoc|x86.ActiveCfg = Release|x86
		{6FA65A7E-47D5-4AB7-9466-43506F64C697}.Ad-Hoc|x86.Build.0 = Release|x86
		{6FA65A7E-47D5-4AB7-9466-43506F64C697}.Ad-Hoc|x86.Deploy.0 = Release|x86
		{6FA65A7E-47D5-4AB7-9466-43506F64C697}.AppStore|Any CPU.ActiveCfg = Release|Any CPU
		{6FA65A7E-47D5-4AB7-9466-43506F64C697}.AppStore|Any CPU.Build.0 = Release|Any CPU
		{6FA65A7E-47D5-4AB7-9466-43506F64C697}.AppStore|Any CPU.Deploy.0 = Release|Any CPU
		{6FA65A7E-47D5-4AB7-9466-43506F64C697}.AppStore|ARM.ActiveCfg = Release|ARM
		{6FA65A7E-47D5-4AB7-9466-43506F64C697}.AppStore|ARM.Build.0 = Release|ARM
		{6FA65A7E-47D5-4AB7-9466-43506F64C697}.AppStore|ARM.Deploy.0 = Release|ARM
		{6FA65A7E-47D5-4AB7-9466-43506F64C697}.AppStore|iPhone.ActiveCfg = Release|Any CPU
		{6FA65A7E-47D5-4AB7-9466-43506F64C697}.AppStore|iPhoneSimulator.ActiveCfg = Release|Any CPU
		{6FA65A7E-47D5-4AB7-9466-43506F64C697}.AppStore|Mixed Platforms.ActiveCfg = Release|x86
		{6FA65A7E-47D5-4AB7-9466-43506F64C697}.AppStore|Mixed Platforms.Build.0 = Release|x86
		{6FA65A7E-47D5-4AB7-9466-43506F64C697}.AppStore|Mixed Platforms.Deploy.0 = Release|x86
		{6FA65A7E-47D5-4AB7-9466-43506F64C697}.AppStore|x86.ActiveCfg = Release|x86
		{6FA65A7E-47D5-4AB7-9466-43506F64C697}.AppStore|x86.Build.0 = Release|x86
		{6FA65A7E-47D5-4AB7-9466-43506F64C697}.AppStore|x86.Deploy.0 = Release|x86
		{6FA65A7E-47D5-4AB7-9466-43506F64C697}.Debug|Any CPU.ActiveCfg = Debug|Any CPU
		{6FA65A7E-47D5-4AB7-9466-43506F64C697}.Debug|Any CPU.Build.0 = Debug|Any CPU
		{6FA65A7E-47D5-4AB7-9466-43506F64C697}.Debug|Any CPU.Deploy.0 = Debug|Any CPU
		{6FA65A7E-47D5-4AB7-9466-43506F64C697}.Debug|ARM.ActiveCfg = Debug|ARM
		{6FA65A7E-47D5-4AB7-9466-43506F64C697}.Debug|ARM.Build.0 = Debug|ARM
		{6FA65A7E-47D5-4AB7-9466-43506F64C697}.Debug|ARM.Deploy.0 = Debug|ARM
		{6FA65A7E-47D5-4AB7-9466-43506F64C697}.Debug|iPhone.ActiveCfg = Debug|Any CPU
		{6FA65A7E-47D5-4AB7-9466-43506F64C697}.Debug|iPhoneSimulator.ActiveCfg = Debug|Any CPU
		{6FA65A7E-47D5-4AB7-9466-43506F64C697}.Debug|Mixed Platforms.ActiveCfg = Debug|x86
		{6FA65A7E-47D5-4AB7-9466-43506F64C697}.Debug|Mixed Platforms.Build.0 = Debug|x86
		{6FA65A7E-47D5-4AB7-9466-43506F64C697}.Debug|Mixed Platforms.Deploy.0 = Debug|x86
		{6FA65A7E-47D5-4AB7-9466-43506F64C697}.Debug|x86.ActiveCfg = Debug|x86
		{6FA65A7E-47D5-4AB7-9466-43506F64C697}.Debug|x86.Build.0 = Debug|x86
		{6FA65A7E-47D5-4AB7-9466-43506F64C697}.Debug|x86.Deploy.0 = Debug|x86
		{6FA65A7E-47D5-4AB7-9466-43506F64C697}.Release|Any CPU.ActiveCfg = Release|Any CPU
		{6FA65A7E-47D5-4AB7-9466-43506F64C697}.Release|Any CPU.Build.0 = Release|Any CPU
		{6FA65A7E-47D5-4AB7-9466-43506F64C697}.Release|Any CPU.Deploy.0 = Release|Any CPU
		{6FA65A7E-47D5-4AB7-9466-43506F64C697}.Release|ARM.ActiveCfg = Release|ARM
		{6FA65A7E-47D5-4AB7-9466-43506F64C697}.Release|ARM.Build.0 = Release|ARM
		{6FA65A7E-47D5-4AB7-9466-43506F64C697}.Release|ARM.Deploy.0 = Release|ARM
		{6FA65A7E-47D5-4AB7-9466-43506F64C697}.Release|iPhone.ActiveCfg = Release|Any CPU
		{6FA65A7E-47D5-4AB7-9466-43506F64C697}.Release|iPhoneSimulator.ActiveCfg = Release|Any CPU
		{6FA65A7E-47D5-4AB7-9466-43506F64C697}.Release|Mixed Platforms.ActiveCfg = Release|x86
		{6FA65A7E-47D5-4AB7-9466-43506F64C697}.Release|Mixed Platforms.Build.0 = Release|x86
		{6FA65A7E-47D5-4AB7-9466-43506F64C697}.Release|Mixed Platforms.Deploy.0 = Release|x86
		{6FA65A7E-47D5-4AB7-9466-43506F64C697}.Release|x86.ActiveCfg = Release|x86
		{6FA65A7E-47D5-4AB7-9466-43506F64C697}.Release|x86.Build.0 = Release|x86
		{6FA65A7E-47D5-4AB7-9466-43506F64C697}.Release|x86.Deploy.0 = Release|x86
	EndGlobalSection
	GlobalSection(SolutionProperties) = preSolution
		HideSolutionNode = FALSE
	EndGlobalSection
EndGlobal
